
Microsoft Visual Studio Solution File, Format Version 12.00
# Visual Studio Version 16
VisualStudioVersion = 16.0.30804.86
MinimumVisualStudioVersion = 10.0.40219.1
Project("{9A19103F-16F7-4668-BE54-9A1E7A4F7556}") = "Day9", "Day9\Day9.csproj", "{1993C420-797D-400D-AEB2-098131388EC8}"
EndProject
Project("{9A19103F-16F7-4668-BE54-9A1E7A4F7556}") = "Day10", "Day10\Day10.csproj", "{7A9164F6-D6CB-46F5-9C0F-B9E6E81EBB1E}"
EndProject
Project("{FAE04EC0-301F-11D3-BF4B-00C04F79EFBC}") = "Day11", "Day11\Day11.csproj", "{B60C34A3-4EF6-4544-9831-C031338FE307}"
EndProject
Project("{FAE04EC0-301F-11D3-BF4B-00C04F79EFBC}") = "Day12", "Day12\Day12.csproj", "{A0221E1E-81B4-4A87-990F-B51238779F09}"
EndProject
Project("{FAE04EC0-301F-11D3-BF4B-00C04F79EFBC}") = "Day1", "Day1\Day1.csproj", "{7950C0F7-1F72-44B4-ADE7-4979637D7052}"
EndProject
Project("{FAE04EC0-301F-11D3-BF4B-00C04F79EFBC}") = "Day2", "Day2\Day2.csproj", "{84538906-D7F4-42D8-854C-9DAEF9346FDA}"
EndProject
Project("{FAE04EC0-301F-11D3-BF4B-00C04F79EFBC}") = "Day3", "Day3\Day3.csproj", "{F3EB1B98-1652-4080-989A-4582D193E8F8}"
EndProject
Project("{FAE04EC0-301F-11D3-BF4B-00C04F79EFBC}") = "Day4", "Day4\Day4.csproj", "{BD9358D8-1DC4-4509-BD0D-E6FE9F63B977}"
EndProject
Global
	GlobalSection(SolutionConfigurationPlatforms) = preSolution
		Debug|Any CPU = Debug|Any CPU
		Release|Any CPU = Release|Any CPU
	EndGlobalSection
	GlobalSection(ProjectConfigurationPlatforms) = postSolution
		{1993C420-797D-400D-AEB2-098131388EC8}.Debug|Any CPU.ActiveCfg = Debug|Any CPU
		{1993C420-797D-400D-AEB2-098131388EC8}.Debug|Any CPU.Build.0 = Debug|Any CPU
		{1993C420-797D-400D-AEB2-098131388EC8}.Release|Any CPU.ActiveCfg = Release|Any CPU
		{1993C420-797D-400D-AEB2-098131388EC8}.Release|Any CPU.Build.0 = Release|Any CPU
		{7A9164F6-D6CB-46F5-9C0F-B9E6E81EBB1E}.Debug|Any CPU.ActiveCfg = Debug|Any CPU
		{7A9164F6-D6CB-46F5-9C0F-B9E6E81EBB1E}.Debug|Any CPU.Build.0 = Debug|Any CPU
		{7A9164F6-D6CB-46F5-9C0F-B9E6E81EBB1E}.Release|Any CPU.ActiveCfg = Release|Any CPU
		{7A9164F6-D6CB-46F5-9C0F-B9E6E81EBB1E}.Release|Any CPU.Build.0 = Release|Any CPU
		{B60C34A3-4EF6-4544-9831-C031338FE307}.Debug|Any CPU.ActiveCfg = Debug|Any CPU
		{B60C34A3-4EF6-4544-9831-C031338FE307}.Debug|Any CPU.Build.0 = Debug|Any CPU
		{B60C34A3-4EF6-4544-9831-C031338FE307}.Release|Any CPU.ActiveCfg = Release|Any CPU
		{B60C34A3-4EF6-4544-9831-C031338FE307}.Release|Any CPU.Build.0 = Release|Any CPU
		{A0221E1E-81B4-4A87-990F-B51238779F09}.Debug|Any CPU.ActiveCfg = Debug|Any CPU
		{A0221E1E-81B4-4A87-990F-B51238779F09}.Debug|Any CPU.Build.0 = Debug|Any CPU
		{A0221E1E-81B4-4A87-990F-B51238779F09}.Release|Any CPU.ActiveCfg = Release|Any CPU
		{A0221E1E-81B4-4A87-990F-B51238779F09}.Release|Any CPU.Build.0 = Release|Any CPU
		{7950C0F7-1F72-44B4-ADE7-4979637D7052}.Debug|Any CPU.ActiveCfg = Debug|Any CPU
		{7950C0F7-1F72-44B4-ADE7-4979637D7052}.Debug|Any CPU.Build.0 = Debug|Any CPU
		{7950C0F7-1F72-44B4-ADE7-4979637D7052}.Release|Any CPU.ActiveCfg = Release|Any CPU
		{7950C0F7-1F72-44B4-ADE7-4979637D7052}.Release|Any CPU.Build.0 = Release|Any CPU
		{84538906-D7F4-42D8-854C-9DAEF9346FDA}.Debug|Any CPU.ActiveCfg = Debug|Any CPU
		{84538906-D7F4-42D8-854C-9DAEF9346FDA}.Debug|Any CPU.Build.0 = Debug|Any CPU
		{84538906-D7F4-42D8-854C-9DAEF9346FDA}.Release|Any CPU.ActiveCfg = Release|Any CPU
		{84538906-D7F4-42D8-854C-9DAEF9346FDA}.Release|Any CPU.Build.0 = Release|Any CPU
		{F3EB1B98-1652-4080-989A-4582D193E8F8}.Debug|Any CPU.ActiveCfg = Debug|Any CPU
		{F3EB1B98-1652-4080-989A-4582D193E8F8}.Debug|Any CPU.Build.0 = Debug|Any CPU
		{F3EB1B98-1652-4080-989A-4582D193E8F8}.Release|Any CPU.ActiveCfg = Release|Any CPU
		{F3EB1B98-1652-4080-989A-4582D193E8F8}.Release|Any CPU.Build.0 = Release|Any CPU
		{BD9358D8-1DC4-4509-BD0D-E6FE9F63B977}.Debug|Any CPU.ActiveCfg = Debug|Any CPU
		{BD9358D8-1DC4-4509-BD0D-E6FE9F63B977}.Debug|Any CPU.Build.0 = Debug|Any CPU
		{BD9358D8-1DC4-4509-BD0D-E6FE9F63B977}.Release|Any CPU.ActiveCfg = Release|Any CPU
		{BD9358D8-1DC4-4509-BD0D-E6FE9F63B977}.Release|Any CPU.Build.0 = Release|Any CPU
	EndGlobalSection
	GlobalSection(SolutionProperties) = preSolution
		HideSolutionNode = FALSE
	EndGlobalSection
	GlobalSection(ExtensibilityGlobals) = postSolution
		SolutionGuid = {D82775A9-87F6-4236-8E74-A13A906BFFFC}
	EndGlobalSection
EndGlobal
